// !$*UTF8*$!
{
	archiveVersion = 1;
	classes = {
	};
	objectVersion = 46;
	objects = {

/* Begin PBXBuildFile section */
		1D71D4CC9DB6F81805EE650B /* Pods_FoodCollocation.framework in Frameworks */ = {isa = PBXBuildFile; fileRef = C8860EDF2B09B313C449FEBA /* Pods_FoodCollocation.framework */; };
		238E827C1C2D2FB673FD5ED5 /* Pods_FoodCollocationUITests.framework in Frameworks */ = {isa = PBXBuildFile; fileRef = ABB2B03C48970D7F6C8F1A3B /* Pods_FoodCollocationUITests.framework */; };
		AF56A0D08BC4D4766B39C9D7 /* Pods_FoodCollocationTests.framework in Frameworks */ = {isa = PBXBuildFile; fileRef = 6013CD54540DFBF48BE7C832 /* Pods_FoodCollocationTests.framework */; };
		B36604F21CF949ED00E53A2E /* FoodPurposeController.swift in Sources */ = {isa = PBXBuildFile; fileRef = B36604F11CF949ED00E53A2E /* FoodPurposeController.swift */; };
		B36604F51CF94B0C00E53A2E /* FoodTimeController.swift in Sources */ = {isa = PBXBuildFile; fileRef = B36604F41CF94B0C00E53A2E /* FoodTimeController.swift */; };
		B36604F71CF9512E00E53A2E /* Food.swift in Sources */ = {isa = PBXBuildFile; fileRef = B36604F61CF9512E00E53A2E /* Food.swift */; };
		B3D0B6D11CFBE294000257BE /* Vegetable.swift in Sources */ = {isa = PBXBuildFile; fileRef = B3D0B6D01CFBE294000257BE /* Vegetable.swift */; };
		B3D0B6D31CFBE2A3000257BE /* Meat.swift in Sources */ = {isa = PBXBuildFile; fileRef = B3D0B6D21CFBE2A3000257BE /* Meat.swift */; };
		B3D0B6D51CFBE2B8000257BE /* Snack.swift in Sources */ = {isa = PBXBuildFile; fileRef = B3D0B6D41CFBE2B8000257BE /* Snack.swift */; };
		F22D700C1CF77BD3007DD024 /* AppDelegate.swift in Sources */ = {isa = PBXBuildFile; fileRef = F22D700B1CF77BD3007DD024 /* AppDelegate.swift */; };
		F22D70111CF77BD3007DD024 /* Main.storyboard in Resources */ = {isa = PBXBuildFile; fileRef = F22D700F1CF77BD3007DD024 /* Main.storyboard */; };
		F22D70131CF77BD3007DD024 /* Assets.xcassets in Resources */ = {isa = PBXBuildFile; fileRef = F22D70121CF77BD3007DD024 /* Assets.xcassets */; };
		F22D70161CF77BD3007DD024 /* LaunchScreen.storyboard in Resources */ = {isa = PBXBuildFile; fileRef = F22D70141CF77BD3007DD024 /* LaunchScreen.storyboard */; };
		F22D70211CF77BD3007DD024 /* FoodCollocationTests.swift in Sources */ = {isa = PBXBuildFile; fileRef = F22D70201CF77BD3007DD024 /* FoodCollocationTests.swift */; };
		F22D702C1CF77BD3007DD024 /* FoodCollocationUITests.swift in Sources */ = {isa = PBXBuildFile; fileRef = F22D702B1CF77BD3007DD024 /* FoodCollocationUITests.swift */; };
		F28BAE5B1CF8E89600FB2441 /* DetailChoiseController.swift in Sources */ = {isa = PBXBuildFile; fileRef = F28BAE5A1CF8E89600FB2441 /* DetailChoiseController.swift */; };
		F28BAE601CF8ECB000FB2441 /* ChoiseCell.swift in Sources */ = {isa = PBXBuildFile; fileRef = F28BAE5F1CF8ECB000FB2441 /* ChoiseCell.swift */; };
		F2EDEC741CF79CE400FDF816 /* NavController.swift in Sources */ = {isa = PBXBuildFile; fileRef = F2EDEC731CF79CE400FDF816 /* NavController.swift */; };
/* End PBXBuildFile section */

/* Begin PBXContainerItemProxy section */
		F22D701D1CF77BD3007DD024 /* PBXContainerItemProxy */ = {
			isa = PBXContainerItemProxy;
			containerPortal = F22D70001CF77BD3007DD024 /* Project object */;
			proxyType = 1;
			remoteGlobalIDString = F22D70071CF77BD3007DD024;
			remoteInfo = FoodCollocation;
		};
		F22D70281CF77BD3007DD024 /* PBXContainerItemProxy */ = {
			isa = PBXContainerItemProxy;
			containerPortal = F22D70001CF77BD3007DD024 /* Project object */;
			proxyType = 1;
			remoteGlobalIDString = F22D70071CF77BD3007DD024;
			remoteInfo = FoodCollocation;
		};
/* End PBXContainerItemProxy section */

/* Begin PBXFileReference section */
		36368EE9A13AB01A34D65B95 /* Pods-FoodCollocation.debug.xcconfig */ = {isa = PBXFileReference; includeInIndex = 1; lastKnownFileType = text.xcconfig; name = "Pods-FoodCollocation.debug.xcconfig"; path = "Pods/Target Support Files/Pods-FoodCollocation/Pods-FoodCollocation.debug.xcconfig"; sourceTree = "<group>"; };
		4F445EE8F04C4DA37B78E661 /* Pods-FoodCollocationUITests.release.xcconfig */ = {isa = PBXFileReference; includeInIndex = 1; lastKnownFileType = text.xcconfig; name = "Pods-FoodCollocationUITests.release.xcconfig"; path = "Pods/Target Support Files/Pods-FoodCollocationUITests/Pods-FoodCollocationUITests.release.xcconfig"; sourceTree = "<group>"; };
		6013CD54540DFBF48BE7C832 /* Pods_FoodCollocationTests.framework */ = {isa = PBXFileReference; explicitFileType = wrapper.framework; includeInIndex = 0; path = Pods_FoodCollocationTests.framework; sourceTree = BUILT_PRODUCTS_DIR; };
		ABB2B03C48970D7F6C8F1A3B /* Pods_FoodCollocationUITests.framework */ = {isa = PBXFileReference; explicitFileType = wrapper.framework; includeInIndex = 0; path = Pods_FoodCollocationUITests.framework; sourceTree = BUILT_PRODUCTS_DIR; };
		B165A35B60F86052FADFF02A /* Pods-FoodCollocationTests.release.xcconfig */ = {isa = PBXFileReference; includeInIndex = 1; lastKnownFileType = text.xcconfig; name = "Pods-FoodCollocationTests.release.xcconfig"; path = "Pods/Target Support Files/Pods-FoodCollocationTests/Pods-FoodCollocationTests.release.xcconfig"; sourceTree = "<group>"; };
		B36604F11CF949ED00E53A2E /* FoodPurposeController.swift */ = {isa = PBXFileReference; fileEncoding = 4; lastKnownFileType = sourcecode.swift; path = FoodPurposeController.swift; sourceTree = "<group>"; };
		B36604F41CF94B0C00E53A2E /* FoodTimeController.swift */ = {isa = PBXFileReference; fileEncoding = 4; lastKnownFileType = sourcecode.swift; path = FoodTimeController.swift; sourceTree = "<group>"; };
		B36604F61CF9512E00E53A2E /* Food.swift */ = {isa = PBXFileReference; fileEncoding = 4; lastKnownFileType = sourcecode.swift; path = Food.swift; sourceTree = "<group>"; };
		B3D0B6D01CFBE294000257BE /* Vegetable.swift */ = {isa = PBXFileReference; fileEncoding = 4; lastKnownFileType = sourcecode.swift; path = Vegetable.swift; sourceTree = "<group>"; };
		B3D0B6D21CFBE2A3000257BE /* Meat.swift */ = {isa = PBXFileReference; fileEncoding = 4; lastKnownFileType = sourcecode.swift; path = Meat.swift; sourceTree = "<group>"; };
		B3D0B6D41CFBE2B8000257BE /* Snack.swift */ = {isa = PBXFileReference; fileEncoding = 4; lastKnownFileType = sourcecode.swift; path = Snack.swift; sourceTree = "<group>"; };
		C8860EDF2B09B313C449FEBA /* Pods_FoodCollocation.framework */ = {isa = PBXFileReference; explicitFileType = wrapper.framework; includeInIndex = 0; path = Pods_FoodCollocation.framework; sourceTree = BUILT_PRODUCTS_DIR; };
		D79BE659D65CD3875D6DF242 /* Pods-FoodCollocation.release.xcconfig */ = {isa = PBXFileReference; includeInIndex = 1; lastKnownFileType = text.xcconfig; name = "Pods-FoodCollocation.release.xcconfig"; path = "Pods/Target Support Files/Pods-FoodCollocation/Pods-FoodCollocation.release.xcconfig"; sourceTree = "<group>"; };
		DC23F74DC83213704C5B7A02 /* Pods-FoodCollocationTests.debug.xcconfig */ = {isa = PBXFileReference; includeInIndex = 1; lastKnownFileType = text.xcconfig; name = "Pods-FoodCollocationTests.debug.xcconfig"; path = "Pods/Target Support Files/Pods-FoodCollocationTests/Pods-FoodCollocationTests.debug.xcconfig"; sourceTree = "<group>"; };
		F22D70081CF77BD3007DD024 /* FoodCollocation.app */ = {isa = PBXFileReference; explicitFileType = wrapper.application; includeInIndex = 0; path = FoodCollocation.app; sourceTree = BUILT_PRODUCTS_DIR; };
		F22D700B1CF77BD3007DD024 /* AppDelegate.swift */ = {isa = PBXFileReference; lastKnownFileType = sourcecode.swift; path = AppDelegate.swift; sourceTree = "<group>"; };
		F22D70101CF77BD3007DD024 /* Base */ = {isa = PBXFileReference; lastKnownFileType = file.storyboard; name = Base; path = Base.lproj/Main.storyboard; sourceTree = "<group>"; };
		F22D70121CF77BD3007DD024 /* Assets.xcassets */ = {isa = PBXFileReference; lastKnownFileType = folder.assetcatalog; path = Assets.xcassets; sourceTree = "<group>"; };
		F22D70151CF77BD3007DD024 /* Base */ = {isa = PBXFileReference; lastKnownFileType = file.storyboard; name = Base; path = Base.lproj/LaunchScreen.storyboard; sourceTree = "<group>"; };
		F22D70171CF77BD3007DD024 /* Info.plist */ = {isa = PBXFileReference; lastKnownFileType = text.plist.xml; path = Info.plist; sourceTree = "<group>"; };
		F22D701C1CF77BD3007DD024 /* FoodCollocationTests.xctest */ = {isa = PBXFileReference; explicitFileType = wrapper.cfbundle; includeInIndex = 0; path = FoodCollocationTests.xctest; sourceTree = BUILT_PRODUCTS_DIR; };
		F22D70201CF77BD3007DD024 /* FoodCollocationTests.swift */ = {isa = PBXFileReference; lastKnownFileType = sourcecode.swift; path = FoodCollocationTests.swift; sourceTree = "<group>"; };
		F22D70221CF77BD3007DD024 /* Info.plist */ = {isa = PBXFileReference; lastKnownFileType = text.plist.xml; path = Info.plist; sourceTree = "<group>"; };
		F22D70271CF77BD3007DD024 /* FoodCollocationUITests.xctest */ = {isa = PBXFileReference; explicitFileType = wrapper.cfbundle; includeInIndex = 0; path = FoodCollocationUITests.xctest; sourceTree = BUILT_PRODUCTS_DIR; };
		F22D702B1CF77BD3007DD024 /* FoodCollocationUITests.swift */ = {isa = PBXFileReference; lastKnownFileType = sourcecode.swift; path = FoodCollocationUITests.swift; sourceTree = "<group>"; };
		F22D702D1CF77BD3007DD024 /* Info.plist */ = {isa = PBXFileReference; lastKnownFileType = text.plist.xml; path = Info.plist; sourceTree = "<group>"; };
		F28BAE5A1CF8E89600FB2441 /* DetailChoiseController.swift */ = {isa = PBXFileReference; fileEncoding = 4; lastKnownFileType = sourcecode.swift; path = DetailChoiseController.swift; sourceTree = "<group>"; };
		F28BAE5F1CF8ECB000FB2441 /* ChoiseCell.swift */ = {isa = PBXFileReference; fileEncoding = 4; lastKnownFileType = sourcecode.swift; path = ChoiseCell.swift; sourceTree = "<group>"; };
		F2EDEC731CF79CE400FDF816 /* NavController.swift */ = {isa = PBXFileReference; fileEncoding = 4; lastKnownFileType = sourcecode.swift; path = NavController.swift; sourceTree = "<group>"; };
		F627496606E6A330038B6319 /* Pods-FoodCollocationUITests.debug.xcconfig */ = {isa = PBXFileReference; includeInIndex = 1; lastKnownFileType = text.xcconfig; name = "Pods-FoodCollocationUITests.debug.xcconfig"; path = "Pods/Target Support Files/Pods-FoodCollocationUITests/Pods-FoodCollocationUITests.debug.xcconfig"; sourceTree = "<group>"; };
/* End PBXFileReference section */

/* Begin PBXFrameworksBuildPhase section */
		F22D70051CF77BD3007DD024 /* Frameworks */ = {
			isa = PBXFrameworksBuildPhase;
			buildActionMask = 2147483647;
			files = (
				1D71D4CC9DB6F81805EE650B /* Pods_FoodCollocation.framework in Frameworks */,
			);
			runOnlyForDeploymentPostprocessing = 0;
		};
		F22D70191CF77BD3007DD024 /* Frameworks */ = {
			isa = PBXFrameworksBuildPhase;
			buildActionMask = 2147483647;
			files = (
				AF56A0D08BC4D4766B39C9D7 /* Pods_FoodCollocationTests.framework in Frameworks */,
			);
			runOnlyForDeploymentPostprocessing = 0;
		};
		F22D70241CF77BD3007DD024 /* Frameworks */ = {
			isa = PBXFrameworksBuildPhase;
			buildActionMask = 2147483647;
			files = (
				238E827C1C2D2FB673FD5ED5 /* Pods_FoodCollocationUITests.framework in Frameworks */,
			);
			runOnlyForDeploymentPostprocessing = 0;
		};
/* End PBXFrameworksBuildPhase section */

/* Begin PBXGroup section */
		3D46B57586FE390BC0C21583 /* Pods */ = {
			isa = PBXGroup;
			children = (
				36368EE9A13AB01A34D65B95 /* Pods-FoodCollocation.debug.xcconfig */,
				D79BE659D65CD3875D6DF242 /* Pods-FoodCollocation.release.xcconfig */,
				DC23F74DC83213704C5B7A02 /* Pods-FoodCollocationTests.debug.xcconfig */,
				B165A35B60F86052FADFF02A /* Pods-FoodCollocationTests.release.xcconfig */,
				F627496606E6A330038B6319 /* Pods-FoodCollocationUITests.debug.xcconfig */,
				4F445EE8F04C4DA37B78E661 /* Pods-FoodCollocationUITests.release.xcconfig */,
			);
			name = Pods;
			sourceTree = "<group>";
		};
		B36604F01CF9497200E53A2E /* FoodPurposeController */ = {
			isa = PBXGroup;
			children = (
				B36604F11CF949ED00E53A2E /* FoodPurposeController.swift */,
			);
			name = FoodPurposeController;
			sourceTree = "<group>";
		};
		B36604F31CF94AF000E53A2E /* FoodTimeController */ = {
			isa = PBXGroup;
			children = (
				B36604F41CF94B0C00E53A2E /* FoodTimeController.swift */,
			);
			name = FoodTimeController;
			sourceTree = "<group>";
		};
		F22D6FFF1CF77BD3007DD024 = {
			isa = PBXGroup;
			children = (
				F22D700A1CF77BD3007DD024 /* FoodCollocation */,
				F22D701F1CF77BD3007DD024 /* FoodCollocationTests */,
				F22D702A1CF77BD3007DD024 /* FoodCollocationUITests */,
				F22D70091CF77BD3007DD024 /* Products */,
				3D46B57586FE390BC0C21583 /* Pods */,
				F26FA9C07567400F87375D97 /* Frameworks */,
			);
			sourceTree = "<group>";
		};
		F22D70091CF77BD3007DD024 /* Products */ = {
			isa = PBXGroup;
			children = (
				F22D70081CF77BD3007DD024 /* FoodCollocation.app */,
				F22D701C1CF77BD3007DD024 /* FoodCollocationTests.xctest */,
				F22D70271CF77BD3007DD024 /* FoodCollocationUITests.xctest */,
			);
			name = Products;
			sourceTree = "<group>";
		};
		F22D700A1CF77BD3007DD024 /* FoodCollocation */ = {
			isa = PBXGroup;
			children = (
				F2EDEC6D1CF7911500FDF816 /* Controller */,
				F2EDEC6C1CF77E4800FDF816 /* Model */,
				F22D700B1CF77BD3007DD024 /* AppDelegate.swift */,
				F22D700F1CF77BD3007DD024 /* Main.storyboard */,
				F22D70121CF77BD3007DD024 /* Assets.xcassets */,
				F22D70141CF77BD3007DD024 /* LaunchScreen.storyboard */,
				F22D70171CF77BD3007DD024 /* Info.plist */,
			);
			path = FoodCollocation;
			sourceTree = "<group>";
		};
		F22D701F1CF77BD3007DD024 /* FoodCollocationTests */ = {
			isa = PBXGroup;
			children = (
				F22D70201CF77BD3007DD024 /* FoodCollocationTests.swift */,
				F22D70221CF77BD3007DD024 /* Info.plist */,
			);
			path = FoodCollocationTests;
			sourceTree = "<group>";
		};
		F22D702A1CF77BD3007DD024 /* FoodCollocationUITests */ = {
			isa = PBXGroup;
			children = (
				F22D702B1CF77BD3007DD024 /* FoodCollocationUITests.swift */,
				F22D702D1CF77BD3007DD024 /* Info.plist */,
			);
			path = FoodCollocationUITests;
			sourceTree = "<group>";
		};
		F26FA9C07567400F87375D97 /* Frameworks */ = {
			isa = PBXGroup;
			children = (
				C8860EDF2B09B313C449FEBA /* Pods_FoodCollocation.framework */,
				6013CD54540DFBF48BE7C832 /* Pods_FoodCollocationTests.framework */,
				ABB2B03C48970D7F6C8F1A3B /* Pods_FoodCollocationUITests.framework */,
			);
			name = Frameworks;
			sourceTree = "<group>";
		};
		F28BAE571CF8D37C00FB2441 /* DetailChoiseController */ = {
			isa = PBXGroup;
			children = (
				F28BAE5E1CF8EC8E00FB2441 /* Cell */,
				F28BAE5A1CF8E89600FB2441 /* DetailChoiseController.swift */,
			);
			name = DetailChoiseController;
			sourceTree = "<group>";
		};
		F28BAE5E1CF8EC8E00FB2441 /* Cell */ = {
			isa = PBXGroup;
			children = (
				F28BAE5F1CF8ECB000FB2441 /* ChoiseCell.swift */,
			);
			name = Cell;
			sourceTree = "<group>";
		};
		F2EDEC6C1CF77E4800FDF816 /* Model */ = {
			isa = PBXGroup;
			children = (
				B36604F61CF9512E00E53A2E /* Food.swift */,
				B3D0B6D01CFBE294000257BE /* Vegetable.swift */,
				B3D0B6D21CFBE2A3000257BE /* Meat.swift */,
				B3D0B6D41CFBE2B8000257BE /* Snack.swift */,
			);
			name = Model;
			sourceTree = "<group>";
		};
		F2EDEC6D1CF7911500FDF816 /* Controller */ = {
			isa = PBXGroup;
			children = (
				B36604F01CF9497200E53A2E /* FoodPurposeController */,
				B36604F31CF94AF000E53A2E /* FoodTimeController */,
				F28BAE571CF8D37C00FB2441 /* DetailChoiseController */,
				F2EDEC721CF79CBF00FDF816 /* NavController */,
			);
			name = Controller;
			sourceTree = "<group>";
		};
		F2EDEC721CF79CBF00FDF816 /* NavController */ = {
			isa = PBXGroup;
			children = (
				F2EDEC731CF79CE400FDF816 /* NavController.swift */,
			);
			name = NavController;
			sourceTree = "<group>";
		};
/* End PBXGroup section */

/* Begin PBXNativeTarget section */
		F22D70071CF77BD3007DD024 /* FoodCollocation */ = {
			isa = PBXNativeTarget;
			buildConfigurationList = F22D70301CF77BD3007DD024 /* Build configuration list for PBXNativeTarget "FoodCollocation" */;
			buildPhases = (
				C976BC60B5DB3F27E41AC2EE /* 📦 Check Pods Manifest.lock */,
				F22D70041CF77BD3007DD024 /* Sources */,
				F22D70051CF77BD3007DD024 /* Frameworks */,
				F22D70061CF77BD3007DD024 /* Resources */,
				EE03694C5005C49E27567DB8 /* 📦 Embed Pods Frameworks */,
				5125307FDACF4A4877BF237A /* 📦 Copy Pods Resources */,
			);
			buildRules = (
			);
			dependencies = (
			);
			name = FoodCollocation;
			productName = FoodCollocation;
			productReference = F22D70081CF77BD3007DD024 /* FoodCollocation.app */;
			productType = "com.apple.product-type.application";
		};
		F22D701B1CF77BD3007DD024 /* FoodCollocationTests */ = {
			isa = PBXNativeTarget;
			buildConfigurationList = F22D70331CF77BD3007DD024 /* Build configuration list for PBXNativeTarget "FoodCollocationTests" */;
			buildPhases = (
				F263D76998C83013CF4A2454 /* 📦 Check Pods Manifest.lock */,
				F22D70181CF77BD3007DD024 /* Sources */,
				F22D70191CF77BD3007DD024 /* Frameworks */,
				F22D701A1CF77BD3007DD024 /* Resources */,
				8F7968CF86AF5E9A36B91317 /* 📦 Embed Pods Frameworks */,
				8F977C614A517DD82E4BA3F5 /* 📦 Copy Pods Resources */,
			);
			buildRules = (
			);
			dependencies = (
				F22D701E1CF77BD3007DD024 /* PBXTargetDependency */,
			);
			name = FoodCollocationTests;
			productName = FoodCollocationTests;
			productReference = F22D701C1CF77BD3007DD024 /* FoodCollocationTests.xctest */;
			productType = "com.apple.product-type.bundle.unit-test";
		};
		F22D70261CF77BD3007DD024 /* FoodCollocationUITests */ = {
			isa = PBXNativeTarget;
			buildConfigurationList = F22D70361CF77BD3007DD024 /* Build configuration list for PBXNativeTarget "FoodCollocationUITests" */;
			buildPhases = (
				E529D03CB80E47652079A88A /* 📦 Check Pods Manifest.lock */,
				F22D70231CF77BD3007DD024 /* Sources */,
				F22D70241CF77BD3007DD024 /* Frameworks */,
				F22D70251CF77BD3007DD024 /* Resources */,
				BEBF6F33BA458604388EBBA4 /* 📦 Copy Pods Resources */,
			);
			buildRules = (
			);
			dependencies = (
				F22D70291CF77BD3007DD024 /* PBXTargetDependency */,
			);
			name = FoodCollocationUITests;
			productName = FoodCollocationUITests;
			productReference = F22D70271CF77BD3007DD024 /* FoodCollocationUITests.xctest */;
			productType = "com.apple.product-type.bundle.ui-testing";
		};
/* End PBXNativeTarget section */

/* Begin PBXProject section */
		F22D70001CF77BD3007DD024 /* Project object */ = {
			isa = PBXProject;
			attributes = {
				LastSwiftUpdateCheck = 0730;
				LastUpgradeCheck = 0730;
				ORGANIZATIONNAME = "Feng Chang";
				TargetAttributes = {
					F22D70071CF77BD3007DD024 = {
						CreatedOnToolsVersion = 7.3.1;
					};
					F22D701B1CF77BD3007DD024 = {
						CreatedOnToolsVersion = 7.3.1;
						TestTargetID = F22D70071CF77BD3007DD024;
					};
					F22D70261CF77BD3007DD024 = {
						CreatedOnToolsVersion = 7.3.1;
						TestTargetID = F22D70071CF77BD3007DD024;
					};
				};
			};
			buildConfigurationList = F22D70031CF77BD3007DD024 /* Build configuration list for PBXProject "FoodCollocation" */;
			compatibilityVersion = "Xcode 3.2";
			developmentRegion = English;
			hasScannedForEncodings = 0;
			knownRegions = (
				en,
				Base,
			);
			mainGroup = F22D6FFF1CF77BD3007DD024;
			productRefGroup = F22D70091CF77BD3007DD024 /* Products */;
			projectDirPath = "";
			projectRoot = "";
			targets = (
				F22D70071CF77BD3007DD024 /* FoodCollocation */,
				F22D701B1CF77BD3007DD024 /* FoodCollocationTests */,
				F22D70261CF77BD3007DD024 /* FoodCollocationUITests */,
			);
		};
/* End PBXProject section */

/* Begin PBXResourcesBuildPhase section */
		F22D70061CF77BD3007DD024 /* Resources */ = {
			isa = PBXResourcesBuildPhase;
			buildActionMask = 2147483647;
			files = (
				F22D70161CF77BD3007DD024 /* LaunchScreen.storyboard in Resources */,
				F22D70131CF77BD3007DD024 /* Assets.xcassets in Resources */,
				F22D70111CF77BD3007DD024 /* Main.storyboard in Resources */,
			);
			runOnlyForDeploymentPostprocessing = 0;
		};
		F22D701A1CF77BD3007DD024 /* Resources */ = {
			isa = PBXResourcesBuildPhase;
			buildActionMask = 2147483647;
			files = (
			);
			runOnlyForDeploymentPostprocessing = 0;
		};
		F22D70251CF77BD3007DD024 /* Resources */ = {
			isa = PBXResourcesBuildPhase;
			buildActionMask = 2147483647;
			files = (
			);
			runOnlyForDeploymentPostprocessing = 0;
		};
/* End PBXResourcesBuildPhase section */

/* Begin PBXShellScriptBuildPhase section */
		5125307FDACF4A4877BF237A /* 📦 Copy Pods Resources */ = {
			isa = PBXShellScriptBuildPhase;
			buildActionMask = 2147483647;
			files = (
			);
			inputPaths = (
			);
			name = "📦 Copy Pods Resources";
			outputPaths = (
			);
			runOnlyForDeploymentPostprocessing = 0;
			shellPath = /bin/sh;
			shellScript = "\"${SRCROOT}/Pods/Target Support Files/Pods-FoodCollocation/Pods-FoodCollocation-resources.sh\"\n";
			showEnvVarsInLog = 0;
		};
		8F7968CF86AF5E9A36B91317 /* 📦 Embed Pods Frameworks */ = {
			isa = PBXShellScriptBuildPhase;
			buildActionMask = 2147483647;
			files = (
			);
			inputPaths = (
			);
			name = "📦 Embed Pods Frameworks";
			outputPaths = (
			);
			runOnlyForDeploymentPostprocessing = 0;
			shellPath = /bin/sh;
			shellScript = "\"${SRCROOT}/Pods/Target Support Files/Pods-FoodCollocationTests/Pods-FoodCollocationTests-frameworks.sh\"\n";
			showEnvVarsInLog = 0;
		};
		8F977C614A517DD82E4BA3F5 /* 📦 Copy Pods Resources */ = {
			isa = PBXShellScriptBuildPhase;
			buildActionMask = 2147483647;
			files = (
			);
			inputPaths = (
			);
			name = "📦 Copy Pods Resources";
			outputPaths = (
			);
			runOnlyForDeploymentPostprocessing = 0;
			shellPath = /bin/sh;
			shellScript = "\"${SRCROOT}/Pods/Target Support Files/Pods-FoodCollocationTests/Pods-FoodCollocationTests-resources.sh\"\n";
			showEnvVarsInLog = 0;
		};
		BEBF6F33BA458604388EBBA4 /* 📦 Copy Pods Resources */ = {
			isa = PBXShellScriptBuildPhase;
			buildActionMask = 2147483647;
			files = (
			);
			inputPaths = (
			);
			name = "📦 Copy Pods Resources";
			outputPaths = (
			);
			runOnlyForDeploymentPostprocessing = 0;
			shellPath = /bin/sh;
			shellScript = "\"${SRCROOT}/Pods/Target Support Files/Pods-FoodCollocationUITests/Pods-FoodCollocationUITests-resources.sh\"\n";
			showEnvVarsInLog = 0;
		};
		C976BC60B5DB3F27E41AC2EE /* 📦 Check Pods Manifest.lock */ = {
			isa = PBXShellScriptBuildPhase;
			buildActionMask = 2147483647;
			files = (
			);
			inputPaths = (
			);
			name = "📦 Check Pods Manifest.lock";
			outputPaths = (
			);
			runOnlyForDeploymentPostprocessing = 0;
			shellPath = /bin/sh;
			shellScript = "diff \"${PODS_ROOT}/../Podfile.lock\" \"${PODS_ROOT}/Manifest.lock\" > /dev/null\nif [[ $? != 0 ]] ; then\n    cat << EOM\nerror: The sandbox is not in sync with the Podfile.lock. Run 'pod install' or update your CocoaPods installation.\nEOM\n    exit 1\nfi\n";
			showEnvVarsInLog = 0;
		};
		E529D03CB80E47652079A88A /* 📦 Check Pods Manifest.lock */ = {
			isa = PBXShellScriptBuildPhase;
			buildActionMask = 2147483647;
			files = (
			);
			inputPaths = (
			);
			name = "📦 Check Pods Manifest.lock";
			outputPaths = (
			);
			runOnlyForDeploymentPostprocessing = 0;
			shellPath = /bin/sh;
			shellScript = "diff \"${PODS_ROOT}/../Podfile.lock\" \"${PODS_ROOT}/Manifest.lock\" > /dev/null\nif [[ $? != 0 ]] ; then\n    cat << EOM\nerror: The sandbox is not in sync with the Podfile.lock. Run 'pod install' or update your CocoaPods installation.\nEOM\n    exit 1\nfi\n";
			showEnvVarsInLog = 0;
		};
		EE03694C5005C49E27567DB8 /* 📦 Embed Pods Frameworks */ = {
			isa = PBXShellScriptBuildPhase;
			buildActionMask = 2147483647;
			files = (
			);
			inputPaths = (
			);
			name = "📦 Embed Pods Frameworks";
			outputPaths = (
			);
			runOnlyForDeploymentPostprocessing = 0;
			shellPath = /bin/sh;
			shellScript = "\"${SRCROOT}/Pods/Target Support Files/Pods-FoodCollocation/Pods-FoodCollocation-frameworks.sh\"\n";
			showEnvVarsInLog = 0;
		};
		F263D76998C83013CF4A2454 /* 📦 Check Pods Manifest.lock */ = {
			isa = PBXShellScriptBuildPhase;
			buildActionMask = 2147483647;
			files = (
			);
			inputPaths = (
			);
			name = "📦 Check Pods Manifest.lock";
			outputPaths = (
			);
			runOnlyForDeploymentPostprocessing = 0;
			shellPath = /bin/sh;
			shellScript = "diff \"${PODS_ROOT}/../Podfile.lock\" \"${PODS_ROOT}/Manifest.lock\" > /dev/null\nif [[ $? != 0 ]] ; then\n    cat << EOM\nerror: The sandbox is not in sync with the Podfile.lock. Run 'pod install' or update your CocoaPods installation.\nEOM\n    exit 1\nfi\n";
			showEnvVarsInLog = 0;
		};
/* End PBXShellScriptBuildPhase section */

/* Begin PBXSourcesBuildPhase section */
		F22D70041CF77BD3007DD024 /* Sources */ = {
			isa = PBXSourcesBuildPhase;
			buildActionMask = 2147483647;
			files = (
				F28BAE5B1CF8E89600FB2441 /* DetailChoiseController.swift in Sources */,
				B3D0B6D11CFBE294000257BE /* Vegetable.swift in Sources */,
				F28BAE601CF8ECB000FB2441 /* ChoiseCell.swift in Sources */,
				F22D700C1CF77BD3007DD024 /* AppDelegate.swift in Sources */,
				B3D0B6D51CFBE2B8000257BE /* Snack.swift in Sources */,
				B3D0B6D31CFBE2A3000257BE /* Meat.swift in Sources */,
				B36604F21CF949ED00E53A2E /* FoodPurposeController.swift in Sources */,
				B36604F71CF9512E00E53A2E /* Food.swift in Sources */,
				B36604F51CF94B0C00E53A2E /* FoodTimeController.swift in Sources */,
				F2EDEC741CF79CE400FDF816 /* NavController.swift in Sources */,
			);
			runOnlyForDeploymentPostprocessing = 0;
		};
		F22D70181CF77BD3007DD024 /* Sources */ = {
			isa = PBXSourcesBuildPhase;
			buildActionMask = 2147483647;
			files = (
				F22D70211CF77BD3007DD024 /* FoodCollocationTests.swift in Sources */,
			);
			runOnlyForDeploymentPostprocessing = 0;
		};
		F22D70231CF77BD3007DD024 /* Sources */ = {
			isa = PBXSourcesBuildPhase;
			buildActionMask = 2147483647;
			files = (
				F22D702C1CF77BD3007DD024 /* FoodCollocationUITests.swift in Sources */,
			);
			runOnlyForDeploymentPostprocessing = 0;
		};
/* End PBXSourcesBuildPhase section */

/* Begin PBXTargetDependency section */
		F22D701E1CF77BD3007DD024 /* PBXTargetDependency */ = {
			isa = PBXTargetDependency;
			target = F22D70071CF77BD3007DD024 /* FoodCollocation */;
			targetProxy = F22D701D1CF77BD3007DD024 /* PBXContainerItemProxy */;
		};
		F22D70291CF77BD3007DD024 /* PBXTargetDependency */ = {
			isa = PBXTargetDependency;
			target = F22D70071CF77BD3007DD024 /* FoodCollocation */;
			targetProxy = F22D70281CF77BD3007DD024 /* PBXContainerItemProxy */;
		};
/* End PBXTargetDependency section */

/* Begin PBXVariantGroup section */
		F22D700F1CF77BD3007DD024 /* Main.storyboard */ = {
			isa = PBXVariantGroup;
			children = (
				F22D70101CF77BD3007DD024 /* Base */,
			);
			name = Main.storyboard;
			sourceTree = "<group>";
		};
		F22D70141CF77BD3007DD024 /* LaunchScreen.storyboard */ = {
			isa = PBXVariantGroup;
			children = (
				F22D70151CF77BD3007DD024 /* Base */,
			);
			name = LaunchScreen.storyboard;
			sourceTree = "<group>";
		};
/* End PBXVariantGroup section */

/* Begin XCBuildConfiguration section */
		F22D702E1CF77BD3007DD024 /* Debug */ = {
			isa = XCBuildConfiguration;
			buildSettings = {
				ALWAYS_SEARCH_USER_PATHS = NO;
				CLANG_ANALYZER_NONNULL = YES;
				CLANG_CXX_LANGUAGE_STANDARD = "gnu++0x";
				CLANG_CXX_LIBRARY = "libc++";
				CLANG_ENABLE_MODULES = YES;
				CLANG_ENABLE_OBJC_ARC = YES;
				CLANG_WARN_BOOL_CONVERSION = YES;
				CLANG_WARN_CONSTANT_CONVERSION = YES;
				CLANG_WARN_DIRECT_OBJC_ISA_USAGE = YES_ERROR;
				CLANG_WARN_EMPTY_BODY = YES;
				CLANG_WARN_ENUM_CONVERSION = YES;
				CLANG_WARN_INT_CONVERSION = YES;
				CLANG_WARN_OBJC_ROOT_CLASS = YES_ERROR;
				CLANG_WARN_UNREACHABLE_CODE = YES;
				CLANG_WARN__DUPLICATE_METHOD_MATCH = YES;
				"CODE_SIGN_IDENTITY[sdk=iphoneos*]" = "iPhone Developer";
				COPY_PHASE_STRIP = NO;
				DEBUG_INFORMATION_FORMAT = dwarf;
				ENABLE_STRICT_OBJC_MSGSEND = YES;
				ENABLE_TESTABILITY = YES;
				GCC_C_LANGUAGE_STANDARD = gnu99;
				GCC_DYNAMIC_NO_PIC = NO;
				GCC_NO_COMMON_BLOCKS = YES;
				GCC_OPTIMIZATION_LEVEL = 0;
				GCC_PREPROCESSOR_DEFINITIONS = (
					"DEBUG=1",
					"$(inherited)",
				);
				GCC_WARN_64_TO_32_BIT_CONVERSION = YES;
				GCC_WARN_ABOUT_RETURN_TYPE = YES_ERROR;
				GCC_WARN_UNDECLARED_SELECTOR = YES;
				GCC_WARN_UNINITIALIZED_AUTOS = YES_AGGRESSIVE;
				GCC_WARN_UNUSED_FUNCTION = YES;
				GCC_WARN_UNUSED_VARIABLE = YES;
				IPHONEOS_DEPLOYMENT_TARGET = 9.3;
				MTL_ENABLE_DEBUG_INFO = YES;
				ONLY_ACTIVE_ARCH = YES;
				SDKROOT = iphoneos;
				SWIFT_OPTIMIZATION_LEVEL = "-Onone";
			};
			name = Debug;
		};
		F22D702F1CF77BD3007DD024 /* Release */ = {
			isa = XCBuildConfiguration;
			buildSettings = {
				ALWAYS_SEARCH_USER_PATHS = NO;
				CLANG_ANALYZER_NONNULL = YES;
				CLANG_CXX_LANGUAGE_STANDARD = "gnu++0x";
				CLANG_CXX_LIBRARY = "libc++";
				CLANG_ENABLE_MODULES = YES;
				CLANG_ENABLE_OBJC_ARC = YES;
				CLANG_WARN_BOOL_CONVERSION = YES;
				CLANG_WARN_CONSTANT_CONVERSION = YES;
				CLANG_WARN_DIRECT_OBJC_ISA_USAGE = YES_ERROR;
				CLANG_WARN_EMPTY_BODY = YES;
				CLANG_WARN_ENUM_CONVERSION = YES;
				CLANG_WARN_INT_CONVERSION = YES;
				CLANG_WARN_OBJC_ROOT_CLASS = YES_ERROR;
				CLANG_WARN_UNREACHABLE_CODE = YES;
				CLANG_WARN__DUPLICATE_METHOD_MATCH = YES;
				"CODE_SIGN_IDENTITY[sdk=iphoneos*]" = "iPhone Developer";
				COPY_PHASE_STRIP = NO;
				DEBUG_INFORMATION_FORMAT = "dwarf-with-dsym";
				ENABLE_NS_ASSERTIONS = NO;
				ENABLE_STRICT_OBJC_MSGSEND = YES;
				GCC_C_LANGUAGE_STANDARD = gnu99;
				GCC_NO_COMMON_BLOCKS = YES;
				GCC_WARN_64_TO_32_BIT_CONVERSION = YES;
				GCC_WARN_ABOUT_RETURN_TYPE = YES_ERROR;
				GCC_WARN_UNDECLARED_SELECTOR = YES;
				GCC_WARN_UNINITIALIZED_AUTOS = YES_AGGRESSIVE;
				GCC_WARN_UNUSED_FUNCTION = YES;
				GCC_WARN_UNUSED_VARIABLE = YES;
				IPHONEOS_DEPLOYMENT_TARGET = 9.3;
				MTL_ENABLE_DEBUG_INFO = NO;
				SDKROOT = iphoneos;
				VALIDATE_PRODUCT = YES;
			};
			name = Release;
		};
		F22D70311CF77BD3007DD024 /* Debug */ = {
			isa = XCBuildConfiguration;
			baseConfigurationReference = 36368EE9A13AB01A34D65B95 /* Pods-FoodCollocation.debug.xcconfig */;
			buildSettings = {
				ASSETCATALOG_COMPILER_APPICON_NAME = AppIcon;
				INFOPLIST_FILE = FoodCollocation/Info.plist;
				LD_RUNPATH_SEARCH_PATHS = "$(inherited) @executable_path/Frameworks";
				PRODUCT_BUNDLE_IDENTIFIER = com.FengChang.FoodCollocation;
				PRODUCT_NAME = "$(TARGET_NAME)";
			};
			name = Debug;
		};
		F22D70321CF77BD3007DD024 /* Release */ = {
			isa = XCBuildConfiguration;
			baseConfigurationReference = D79BE659D65CD3875D6DF242 /* Pods-FoodCollocation.release.xcconfig */;
			buildSettings = {
				ASSETCATALOG_COMPILER_APPICON_NAME = AppIcon;
				INFOPLIST_FILE = FoodCollocation/Info.plist;
				LD_RUNPATH_SEARCH_PATHS = "$(inherited) @executable_path/Frameworks";
				PRODUCT_BUNDLE_IDENTIFIER = com.FengChang.FoodCollocation;
				PRODUCT_NAME = "$(TARGET_NAME)";
			};
			name = Release;
		};
		F22D70341CF77BD3007DD024 /* Debug */ = {
			isa = XCBuildConfiguration;
			baseConfigurationReference = DC23F74DC83213704C5B7A02 /* Pods-FoodCollocationTests.debug.xcconfig */;
			buildSettings = {
				BUNDLE_LOADER = "$(TEST_HOST)";
				INFOPLIST_FILE = FoodCollocationTests/Info.plist;
				LD_RUNPATH_SEARCH_PATHS = "$(inherited) @executable_path/Frameworks @loader_path/Frameworks";
				PRODUCT_BUNDLE_IDENTIFIER = com.FengChang.FoodCollocationTests;
				PRODUCT_NAME = "$(TARGET_NAME)";
				TEST_HOST = "$(BUILT_PRODUCTS_DIR)/FoodCollocation.app/FoodCollocation";
			};
			name = Debug;
		};
		F22D70351CF77BD3007DD024 /* Release */ = {
			isa = XCBuildConfiguration;
			baseConfigurationReference = B165A35B60F86052FADFF02A /* Pods-FoodCollocationTests.release.xcconfig */;
			buildSettings = {
				BUNDLE_LOADER = "$(TEST_HOST)";
				INFOPLIST_FILE = FoodCollocationTests/Info.plist;
				LD_RUNPATH_SEARCH_PATHS = "$(inherited) @executable_path/Frameworks @loader_path/Frameworks";
				PRODUCT_BUNDLE_IDENTIFIER = com.FengChang.FoodCollocationTests;
				PRODUCT_NAME = "$(TARGET_NAME)";
				TEST_HOST = "$(BUILT_PRODUCTS_DIR)/FoodCollocation.app/FoodCollocation";
			};
			name = Release;
		};
		F22D70371CF77BD3007DD024 /* Debug */ = {
			isa = XCBuildConfiguration;
			baseConfigurationReference = F627496606E6A330038B6319 /* Pods-FoodCollocationUITests.debug.xcconfig */;
			buildSettings = {
				INFOPLIST_FILE = FoodCollocationUITests/Info.plist;
				LD_RUNPATH_SEARCH_PATHS = "$(inherited) @executable_path/Frameworks @loader_path/Frameworks";
				PRODUCT_BUNDLE_IDENTIFIER = com.FengChang.FoodCollocationUITests;
				PRODUCT_NAME = "$(TARGET_NAME)";
				TEST_TARGET_NAME = FoodCollocation;
			};
			name = Debug;
		};
		F22D70381CF77BD3007DD024 /* Release */ = {
			isa = XCBuildConfiguration;
			baseConfigurationReference = 4F445EE8F04C4DA37B78E661 /* Pods-FoodCollocationUITests.release.xcconfig */;
			buildSettings = {
				INFOPLIST_FILE = FoodCollocationUITests/Info.plist;
				LD_RUNPATH_SEARCH_PATHS = "$(inherited) @executable_path/Frameworks @loader_path/Frameworks";
				PRODUCT_BUNDLE_IDENTIFIER = com.FengChang.FoodCollocationUITests;
				PRODUCT_NAME = "$(TARGET_NAME)";
				TEST_TARGET_NAME = FoodCollocation;
			};
			name = Release;
		};
/* End XCBuildConfiguration section */

/* Begin XCConfigurationList section */
		F22D70031CF77BD3007DD024 /* Build configuration list for PBXProject "FoodCollocation" */ = {
			isa = XCConfigurationList;
			buildConfigurations = (
				F22D702E1CF77BD3007DD024 /* Debug */,
				F22D702F1CF77BD3007DD024 /* Release */,
			);
			defaultConfigurationIsVisible = 0;
			defaultConfigurationName = Release;
		};
		F22D70301CF77BD3007DD024 /* Build configuration list for PBXNativeTarget "FoodCollocation" */ = {
			isa = XCConfigurationList;
			buildConfigurations = (
				F22D70311CF77BD3007DD024 /* Debug */,
				F22D70321CF77BD3007DD024 /* Release */,
			);
			defaultConfigurationIsVisible = 0;
			defaultConfigurationName = Release;
		};
		F22D70331CF77BD3007DD024 /* Build configuration list for PBXNativeTarget "FoodCollocationTests" */ = {
			isa = XCConfigurationList;
			buildConfigurations = (
				F22D70341CF77BD3007DD024 /* Debug */,
				F22D70351CF77BD3007DD024 /* Release */,
			);
			defaultConfigurationIsVisible = 0;
			defaultConfigurationName = Release;
		};
		F22D70361CF77BD3007DD024 /* Build configuration list for PBXNativeTarget "FoodCollocationUITests" */ = {
			isa = XCConfigurationList;
			buildConfigurations = (
				F22D70371CF77BD3007DD024 /* Debug */,
				F22D70381CF77BD3007DD024 /* Release */,
			);
			defaultConfigurationIsVisible = 0;
			defaultConfigurationName = Release;
		};
/* End XCConfigurationList section */
	};
	rootObject = F22D70001CF77BD3007DD024 /* Project object */;
}
